{
    "hash": "97cfecafeb67243bba252064a3e21a20",
    "packages": [
        {
            "package": "szeber/yapep_base",
            "version": "0.2.x-dev",
            "source-reference": "22c14c6f7582f8d4df4935262bc2d6d43c73b710",
            "commit-date": "1342443506"
        }
    ],
    "packages-dev": null,
    "aliases": [

    ],
    "minimum-stability": "stable",
    "stability-flags": {
        "szeber/yapep_base": 20
    }
}
