{
    "hash": "b36653abbff63faa975eca2fa3578343",
    "packages": [
        {
            "package": "szeber/yapep_base",
            "version": "dev-master",
            "source-reference": "c9f4b4eac41748bf10977e3343a888d273632e72"
        }
    ],
    "packages-dev": null,
    "aliases": [

    ],
    "minimum-stability": "dev",
    "stability-flags": {
        "szeber/yapep_base": 20
    }
}
